
Microsoft Visual Studio Solution File, Format Version 12.00
# Visual Studio Version 17
VisualStudioVersion = 17.6.33829.357
MinimumVisualStudioVersion = 10.0.40219.1
Project("{FAE04EC0-301F-11D3-BF4B-00C04F79EFBC}") = "WebApi_Prac", "WebApi_Prac\WebApi_Prac.csproj", "{0CCB1741-917B-45FA-87F5-C82CFA8CB289}"
EndProject
Global
	GlobalSection(SolutionConfigurationPlatforms) = preSolution
		Debug|Any CPU = Debug|Any CPU
		Release|Any CPU = Release|Any CPU
	EndGlobalSection
	GlobalSection(ProjectConfigurationPlatforms) = postSolution
		{0CCB1741-917B-45FA-87F5-C82CFA8CB289}.Debug|Any CPU.ActiveCfg = Debug|Any CPU
		{0CCB1741-917B-45FA-87F5-C82CFA8CB289}.Debug|Any CPU.Build.0 = Debug|Any CPU
		{0CCB1741-917B-45FA-87F5-C82CFA8CB289}.Release|Any CPU.ActiveCfg = Release|Any CPU
		{0CCB1741-917B-45FA-87F5-C82CFA8CB289}.Release|Any CPU.Build.0 = Release|Any CPU
	EndGlobalSection
	GlobalSection(SolutionProperties) = preSolution
		HideSolutionNode = FALSE
	EndGlobalSection
	GlobalSection(ExtensibilityGlobals) = postSolution
		SolutionGuid = {2F3E5347-AE5C-46B3-8811-8E18C8DFA755}
	EndGlobalSection
EndGlobal
